// !$*UTF8*$!
{
	archiveVersion = 1;
	classes = {
	};
	objectVersion = 50;
	objects = {

/* Begin PBXBuildFile section */
		0309DE2F240876D0001CAAD0 /* AppDelegate.m in Sources */ = {isa = PBXBuildFile; fileRef = 0309DE2E240876D0001CAAD0 /* AppDelegate.m */; };
		0309DE32240876D0001CAAD0 /* SceneDelegate.m in Sources */ = {isa = PBXBuildFile; fileRef = 0309DE31240876D0001CAAD0 /* SceneDelegate.m */; };
		0309DE35240876D0001CAAD0 /* ViewController.m in Sources */ = {isa = PBXBuildFile; fileRef = 0309DE34240876D0001CAAD0 /* ViewController.m */; };
		0309DE38240876D0001CAAD0 /* Main.storyboard in Resources */ = {isa = PBXBuildFile; fileRef = 0309DE36240876D0001CAAD0 /* Main.storyboard */; };
		0309DE3A240876D4001CAAD0 /* Assets.xcassets in Resources */ = {isa = PBXBuildFile; fileRef = 0309DE39240876D4001CAAD0 /* Assets.xcassets */; };
		0309DE3D240876D4001CAAD0 /* LaunchScreen.storyboard in Resources */ = {isa = PBXBuildFile; fileRef = 0309DE3B240876D4001CAAD0 /* LaunchScreen.storyboard */; };
		0309DE40240876D4001CAAD0 /* main.m in Sources */ = {isa = PBXBuildFile; fileRef = 0309DE3F240876D4001CAAD0 /* main.m */; };
		0309DE4A240876D5001CAAD0 /* CardGamesTests.m in Sources */ = {isa = PBXBuildFile; fileRef = 0309DE49240876D5001CAAD0 /* CardGamesTests.m */; };
		0309DE55240876D5001CAAD0 /* CardGamesUITests.m in Sources */ = {isa = PBXBuildFile; fileRef = 0309DE54240876D5001CAAD0 /* CardGamesUITests.m */; };
/* End PBXBuildFile section */

/* Begin PBXContainerItemProxy section */
		0309DE46240876D5001CAAD0 /* PBXContainerItemProxy */ = {
			isa = PBXContainerItemProxy;
			containerPortal = 0309DE22240876D0001CAAD0 /* Project object */;
			proxyType = 1;
			remoteGlobalIDString = 0309DE29240876D0001CAAD0;
			remoteInfo = CardGames;
		};
		0309DE51240876D5001CAAD0 /* PBXContainerItemProxy */ = {
			isa = PBXContainerItemProxy;
			containerPortal = 0309DE22240876D0001CAAD0 /* Project object */;
			proxyType = 1;
			remoteGlobalIDString = 0309DE29240876D0001CAAD0;
			remoteInfo = CardGames;
		};
/* End PBXContainerItemProxy section */

/* Begin PBXFileReference section */
		0309DE2A240876D0001CAAD0 /* CardGames.app */ = {isa = PBXFileReference; explicitFileType = wrapper.application; includeInIndex = 0; path = CardGames.app; sourceTree = BUILT_PRODUCTS_DIR; };
		0309DE2D240876D0001CAAD0 /* AppDelegate.h */ = {isa = PBXFileReference; lastKnownFileType = sourcecode.c.h; path = AppDelegate.h; sourceTree = "<group>"; };
		0309DE2E240876D0001CAAD0 /* AppDelegate.m */ = {isa = PBXFileReference; lastKnownFileType = sourcecode.c.objc; path = AppDelegate.m; sourceTree = "<group>"; };
		0309DE30240876D0001CAAD0 /* SceneDelegate.h */ = {isa = PBXFileReference; lastKnownFileType = sourcecode.c.h; path = SceneDelegate.h; sourceTree = "<group>"; };
		0309DE31240876D0001CAAD0 /* SceneDelegate.m */ = {isa = PBXFileReference; lastKnownFileType = sourcecode.c.objc; path = SceneDelegate.m; sourceTree = "<group>"; };
		0309DE33240876D0001CAAD0 /* ViewController.h */ = {isa = PBXFileReference; lastKnownFileType = sourcecode.c.h; path = ViewController.h; sourceTree = "<group>"; };
		0309DE34240876D0001CAAD0 /* ViewController.m */ = {isa = PBXFileReference; lastKnownFileType = sourcecode.c.objc; path = ViewController.m; sourceTree = "<group>"; };
		0309DE37240876D0001CAAD0 /* Base */ = {isa = PBXFileReference; lastKnownFileType = file.storyboard; name = Base; path = Base.lproj/Main.storyboard; sourceTree = "<group>"; };
		0309DE39240876D4001CAAD0 /* Assets.xcassets */ = {isa = PBXFileReference; lastKnownFileType = folder.assetcatalog; path = Assets.xcassets; sourceTree = "<group>"; };
		0309DE3C240876D4001CAAD0 /* Base */ = {isa = PBXFileReference; lastKnownFileType = file.storyboard; name = Base; path = Base.lproj/LaunchScreen.storyboard; sourceTree = "<group>"; };
		0309DE3E240876D4001CAAD0 /* Info.plist */ = {isa = PBXFileReference; lastKnownFileType = text.plist.xml; path = Info.plist; sourceTree = "<group>"; };
		0309DE3F240876D4001CAAD0 /* main.m */ = {isa = PBXFileReference; lastKnownFileType = sourcecode.c.objc; path = main.m; sourceTree = "<group>"; };
		0309DE45240876D5001CAAD0 /* CardGamesTests.xctest */ = {isa = PBXFileReference; explicitFileType = wrapper.cfbundle; includeInIndex = 0; path = CardGamesTests.xctest; sourceTree = BUILT_PRODUCTS_DIR; };
		0309DE49240876D5001CAAD0 /* CardGamesTests.m */ = {isa = PBXFileReference; lastKnownFileType = sourcecode.c.objc; path = CardGamesTests.m; sourceTree = "<group>"; };
		0309DE4B240876D5001CAAD0 /* Info.plist */ = {isa = PBXFileReference; lastKnownFileType = text.plist.xml; path = Info.plist; sourceTree = "<group>"; };
		0309DE50240876D5001CAAD0 /* CardGamesUITests.xctest */ = {isa = PBXFileReference; explicitFileType = wrapper.cfbundle; includeInIndex = 0; path = CardGamesUITests.xctest; sourceTree = BUILT_PRODUCTS_DIR; };
		0309DE54240876D5001CAAD0 /* CardGamesUITests.m */ = {isa = PBXFileReference; lastKnownFileType = sourcecode.c.objc; path = CardGamesUITests.m; sourceTree = "<group>"; };
		0309DE56240876D5001CAAD0 /* Info.plist */ = {isa = PBXFileReference; lastKnownFileType = text.plist.xml; path = Info.plist; sourceTree = "<group>"; };
/* End PBXFileReference section */

/* Begin PBXFrameworksBuildPhase section */
		0309DE27240876D0001CAAD0 /* Frameworks */ = {
			isa = PBXFrameworksBuildPhase;
			buildActionMask = 2147483647;
			files = (
			);
			runOnlyForDeploymentPostprocessing = 0;
		};
		0309DE42240876D5001CAAD0 /* Frameworks */ = {
			isa = PBXFrameworksBuildPhase;
			buildActionMask = 2147483647;
			files = (
			);
			runOnlyForDeploymentPostprocessing = 0;
		};
		0309DE4D240876D5001CAAD0 /* Frameworks */ = {
			isa = PBXFrameworksBuildPhase;
			buildActionMask = 2147483647;
			files = (
			);
			runOnlyForDeploymentPostprocessing = 0;
		};
/* End PBXFrameworksBuildPhase section */

/* Begin PBXGroup section */
		0309DE21240876D0001CAAD0 = {
			isa = PBXGroup;
			children = (
				0309DE2C240876D0001CAAD0 /* CardGames */,
				0309DE48240876D5001CAAD0 /* CardGamesTests */,
				0309DE53240876D5001CAAD0 /* CardGamesUITests */,
				0309DE2B240876D0001CAAD0 /* Products */,
			);
			sourceTree = "<group>";
		};
		0309DE2B240876D0001CAAD0 /* Products */ = {
			isa = PBXGroup;
			children = (
				0309DE2A240876D0001CAAD0 /* CardGames.app */,
				0309DE45240876D5001CAAD0 /* CardGamesTests.xctest */,
				0309DE50240876D5001CAAD0 /* CardGamesUITests.xctest */,
			);
			name = Products;
			sourceTree = "<group>";
		};
		0309DE2C240876D0001CAAD0 /* CardGames */ = {
			isa = PBXGroup;
			children = (
				0309DE2D240876D0001CAAD0 /* AppDelegate.h */,
				0309DE2E240876D0001CAAD0 /* AppDelegate.m */,
				0309DE30240876D0001CAAD0 /* SceneDelegate.h */,
				0309DE31240876D0001CAAD0 /* SceneDelegate.m */,
				0309DE33240876D0001CAAD0 /* ViewController.h */,
				0309DE34240876D0001CAAD0 /* ViewController.m */,
				0309DE36240876D0001CAAD0 /* Main.storyboard */,
				0309DE39240876D4001CAAD0 /* Assets.xcassets */,
				0309DE3B240876D4001CAAD0 /* LaunchScreen.storyboard */,
				0309DE3E240876D4001CAAD0 /* Info.plist */,
				0309DE3F240876D4001CAAD0 /* main.m */,
			);
			path = CardGames;
			sourceTree = "<group>";
		};
		0309DE48240876D5001CAAD0 /* CardGamesTests */ = {
			isa = PBXGroup;
			children = (
				0309DE49240876D5001CAAD0 /* CardGamesTests.m */,
				0309DE4B240876D5001CAAD0 /* Info.plist */,
			);
			path = CardGamesTests;
			sourceTree = "<group>";
		};
		0309DE53240876D5001CAAD0 /* CardGamesUITests */ = {
			isa = PBXGroup;
			children = (
				0309DE54240876D5001CAAD0 /* CardGamesUITests.m */,
				0309DE56240876D5001CAAD0 /* Info.plist */,
			);
			path = CardGamesUITests;
			sourceTree = "<group>";
		};
/* End PBXGroup section */

/* Begin PBXNativeTarget section */
		0309DE29240876D0001CAAD0 /* CardGames */ = {
			isa = PBXNativeTarget;
			buildConfigurationList = 0309DE59240876D5001CAAD0 /* Build configuration list for PBXNativeTarget "CardGames" */;
			buildPhases = (
				0309DE26240876D0001CAAD0 /* Sources */,
				0309DE27240876D0001CAAD0 /* Frameworks */,
				0309DE28240876D0001CAAD0 /* Resources */,
			);
			buildRules = (
			);
			dependencies = (
			);
			name = CardGames;
			productName = CardGames;
			productReference = 0309DE2A240876D0001CAAD0 /* CardGames.app */;
			productType = "com.apple.product-type.application";
		};
		0309DE44240876D5001CAAD0 /* CardGamesTests */ = {
			isa = PBXNativeTarget;
			buildConfigurationList = 0309DE5C240876D5001CAAD0 /* Build configuration list for PBXNativeTarget "CardGamesTests" */;
			buildPhases = (
				0309DE41240876D5001CAAD0 /* Sources */,
				0309DE42240876D5001CAAD0 /* Frameworks */,
				0309DE43240876D5001CAAD0 /* Resources */,
			);
			buildRules = (
			);
			dependencies = (
				0309DE47240876D5001CAAD0 /* PBXTargetDependency */,
			);
			name = CardGamesTests;
			productName = CardGamesTests;
			productReference = 0309DE45240876D5001CAAD0 /* CardGamesTests.xctest */;
			productType = "com.apple.product-type.bundle.unit-test";
		};
		0309DE4F240876D5001CAAD0 /* CardGamesUITests */ = {
			isa = PBXNativeTarget;
			buildConfigurationList = 0309DE5F240876D5001CAAD0 /* Build configuration list for PBXNativeTarget "CardGamesUITests" */;
			buildPhases = (
				0309DE4C240876D5001CAAD0 /* Sources */,
				0309DE4D240876D5001CAAD0 /* Frameworks */,
				0309DE4E240876D5001CAAD0 /* Resources */,
			);
			buildRules = (
			);
			dependencies = (
				0309DE52240876D5001CAAD0 /* PBXTargetDependency */,
			);
			name = CardGamesUITests;
			productName = CardGamesUITests;
			productReference = 0309DE50240876D5001CAAD0 /* CardGamesUITests.xctest */;
			productType = "com.apple.product-type.bundle.ui-testing";
		};
/* End PBXNativeTarget section */

/* Begin PBXProject section */
		0309DE22240876D0001CAAD0 /* Project object */ = {
			isa = PBXProject;
			attributes = {
				LastUpgradeCheck = 1130;
				ORGANIZATIONNAME = "Szeto, Mabel";
				TargetAttributes = {
					0309DE29240876D0001CAAD0 = {
						CreatedOnToolsVersion = 11.3.1;
					};
					0309DE44240876D5001CAAD0 = {
						CreatedOnToolsVersion = 11.3.1;
						TestTargetID = 0309DE29240876D0001CAAD0;
					};
					0309DE4F240876D5001CAAD0 = {
						CreatedOnToolsVersion = 11.3.1;
						TestTargetID = 0309DE29240876D0001CAAD0;
					};
				};
			};
			buildConfigurationList = 0309DE25240876D0001CAAD0 /* Build configuration list for PBXProject "CardGames" */;
			compatibilityVersion = "Xcode 9.3";
			developmentRegion = en;
			hasScannedForEncodings = 0;
			knownRegions = (
				en,
				Base,
			);
			mainGroup = 0309DE21240876D0001CAAD0;
			productRefGroup = 0309DE2B240876D0001CAAD0 /* Products */;
			projectDirPath = "";
			projectRoot = "";
			targets = (
				0309DE29240876D0001CAAD0 /* CardGames */,
				0309DE44240876D5001CAAD0 /* CardGamesTests */,
				0309DE4F240876D5001CAAD0 /* CardGamesUITests */,
			);
		};
/* End PBXProject section */

/* Begin PBXResourcesBuildPhase section */
		0309DE28240876D0001CAAD0 /* Resources */ = {
			isa = PBXResourcesBuildPhase;
			buildActionMask = 2147483647;
			files = (
				0309DE3D240876D4001CAAD0 /* LaunchScreen.storyboard in Resources */,
				0309DE3A240876D4001CAAD0 /* Assets.xcassets in Resources */,
				0309DE38240876D0001CAAD0 /* Main.storyboard in Resources */,
			);
			runOnlyForDeploymentPostprocessing = 0;
		};
		0309DE43240876D5001CAAD0 /* Resources */ = {
			isa = PBXResourcesBuildPhase;
			buildActionMask = 2147483647;
			files = (
			);
			runOnlyForDeploymentPostprocessing = 0;
		};
		0309DE4E240876D5001CAAD0 /* Resources */ = {
			isa = PBXResourcesBuildPhase;
			buildActionMask = 2147483647;
			files = (
			);
			runOnlyForDeploymentPostprocessing = 0;
		};
/* End PBXResourcesBuildPhase section */

/* Begin PBXSourcesBuildPhase section */
		0309DE26240876D0001CAAD0 /* Sources */ = {
			isa = PBXSourcesBuildPhase;
			buildActionMask = 2147483647;
			files = (
				0309DE35240876D0001CAAD0 /* ViewController.m in Sources */,
				0309DE2F240876D0001CAAD0 /* AppDelegate.m in Sources */,
				0309DE40240876D4001CAAD0 /* main.m in Sources */,
				0309DE32240876D0001CAAD0 /* SceneDelegate.m in Sources */,
			);
			runOnlyForDeploymentPostprocessing = 0;
		};
		0309DE41240876D5001CAAD0 /* Sources */ = {
			isa = PBXSourcesBuildPhase;
			buildActionMask = 2147483647;
			files = (
				0309DE4A240876D5001CAAD0 /* CardGamesTests.m in Sources */,
			);
			runOnlyForDeploymentPostprocessing = 0;
		};
		0309DE4C240876D5001CAAD0 /* Sources */ = {
			isa = PBXSourcesBuildPhase;
			buildActionMask = 2147483647;
			files = (
				0309DE55240876D5001CAAD0 /* CardGamesUITests.m in Sources */,
			);
			runOnlyForDeploymentPostprocessing = 0;
		};
/* End PBXSourcesBuildPhase section */

/* Begin PBXTargetDependency section */
		0309DE47240876D5001CAAD0 /* PBXTargetDependency */ = {
			isa = PBXTargetDependency;
			target = 0309DE29240876D0001CAAD0 /* CardGames */;
			targetProxy = 0309DE46240876D5001CAAD0 /* PBXContainerItemProxy */;
		};
		0309DE52240876D5001CAAD0 /* PBXTargetDependency */ = {
			isa = PBXTargetDependency;
			target = 0309DE29240876D0001CAAD0 /* CardGames */;
			targetProxy = 0309DE51240876D5001CAAD0 /* PBXContainerItemProxy */;
		};
/* End PBXTargetDependency section */

/* Begin PBXVariantGroup section */
		0309DE36240876D0001CAAD0 /* Main.storyboard */ = {
			isa = PBXVariantGroup;
			children = (
				0309DE37240876D0001CAAD0 /* Base */,
			);
			name = Main.storyboard;
			sourceTree = "<group>";
		};
		0309DE3B240876D4001CAAD0 /* LaunchScreen.storyboard */ = {
			isa = PBXVariantGroup;
			children = (
				0309DE3C240876D4001CAAD0 /* Base */,
			);
			name = LaunchScreen.storyboard;
			sourceTree = "<group>";
		};
/* End PBXVariantGroup section */

/* Begin XCBuildConfiguration section */
		0309DE57240876D5001CAAD0 /* Debug */ = {
			isa = XCBuildConfiguration;
			buildSettings = {
				ALWAYS_SEARCH_USER_PATHS = NO;
				CLANG_ANALYZER_NONNULL = YES;
				CLANG_ANALYZER_NUMBER_OBJECT_CONVERSION = YES_AGGRESSIVE;
				CLANG_CXX_LANGUAGE_STANDARD = "gnu++14";
				CLANG_CXX_LIBRARY = "libc++";
				CLANG_ENABLE_MODULES = YES;
				CLANG_ENABLE_OBJC_ARC = YES;
				CLANG_ENABLE_OBJC_WEAK = YES;
				CLANG_WARN_BLOCK_CAPTURE_AUTORELEASING = YES;
				CLANG_WARN_BOOL_CONVERSION = YES;
				CLANG_WARN_COMMA = YES;
				CLANG_WARN_CONSTANT_CONVERSION = YES;
				CLANG_WARN_DEPRECATED_OBJC_IMPLEMENTATIONS = YES;
				CLANG_WARN_DIRECT_OBJC_ISA_USAGE = YES_ERROR;
				CLANG_WARN_DOCUMENTATION_COMMENTS = YES;
				CLANG_WARN_EMPTY_BODY = YES;
				CLANG_WARN_ENUM_CONVERSION = YES;
				CLANG_WARN_INFINITE_RECURSION = YES;
				CLANG_WARN_INT_CONVERSION = YES;
				CLANG_WARN_NON_LITERAL_NULL_CONVERSION = YES;
				CLANG_WARN_OBJC_IMPLICIT_RETAIN_SELF = YES;
				CLANG_WARN_OBJC_LITERAL_CONVERSION = YES;
				CLANG_WARN_OBJC_ROOT_CLASS = YES_ERROR;
				CLANG_WARN_RANGE_LOOP_ANALYSIS = YES;
				CLANG_WARN_STRICT_PROTOTYPES = YES;
				CLANG_WARN_SUSPICIOUS_MOVE = YES;
				CLANG_WARN_UNGUARDED_AVAILABILITY = YES_AGGRESSIVE;
				CLANG_WARN_UNREACHABLE_CODE = YES;
				CLANG_WARN__DUPLICATE_METHOD_MATCH = YES;
				COPY_PHASE_STRIP = NO;
				DEBUG_INFORMATION_FORMAT = dwarf;
				ENABLE_STRICT_OBJC_MSGSEND = YES;
				ENABLE_TESTABILITY = YES;
				GCC_C_LANGUAGE_STANDARD = gnu11;
				GCC_DYNAMIC_NO_PIC = NO;
				GCC_NO_COMMON_BLOCKS = YES;
				GCC_OPTIMIZATION_LEVEL = 0;
				GCC_PREPROCESSOR_DEFINITIONS = (
					"DEBUG=1",
					"$(inherited)",
				);
				GCC_WARN_64_TO_32_BIT_CONVERSION = YES;
				GCC_WARN_ABOUT_RETURN_TYPE = YES_ERROR;
				GCC_WARN_UNDECLARED_SELECTOR = YES;
				GCC_WARN_UNINITIALIZED_AUTOS = YES_AGGRESSIVE;
				GCC_WARN_UNUSED_FUNCTION = YES;
				GCC_WARN_UNUSED_VARIABLE = YES;
				IPHONEOS_DEPLOYMENT_TARGET = 13.2;
				MTL_ENABLE_DEBUG_INFO = INCLUDE_SOURCE;
				MTL_FAST_MATH = YES;
				ONLY_ACTIVE_ARCH = YES;
				SDKROOT = iphoneos;
			};
			name = Debug;
		};
		0309DE58240876D5001CAAD0 /* Release */ = {
			isa = XCBuildConfiguration;
			buildSettings = {
				ALWAYS_SEARCH_USER_PATHS = NO;
				CLANG_ANALYZER_NONNULL = YES;
				CLANG_ANALYZER_NUMBER_OBJECT_CONVERSION = YES_AGGRESSIVE;
				CLANG_CXX_LANGUAGE_STANDARD = "gnu++14";
				CLANG_CXX_LIBRARY = "libc++";
				CLANG_ENABLE_MODULES = YES;
				CLANG_ENABLE_OBJC_ARC = YES;
				CLANG_ENABLE_OBJC_WEAK = YES;
				CLANG_WARN_BLOCK_CAPTURE_AUTORELEASING = YES;
				CLANG_WARN_BOOL_CONVERSION = YES;
				CLANG_WARN_COMMA = YES;
				CLANG_WARN_CONSTANT_CONVERSION = YES;
				CLANG_WARN_DEPRECATED_OBJC_IMPLEMENTATIONS = YES;
				CLANG_WARN_DIRECT_OBJC_ISA_USAGE = YES_ERROR;
				CLANG_WARN_DOCUMENTATION_COMMENTS = YES;
				CLANG_WARN_EMPTY_BODY = YES;
				CLANG_WARN_ENUM_CONVERSION = YES;
				CLANG_WARN_INFINITE_RECURSION = YES;
				CLANG_WARN_INT_CONVERSION = YES;
				CLANG_WARN_NON_LITERAL_NULL_CONVERSION = YES;
				CLANG_WARN_OBJC_IMPLICIT_RETAIN_SELF = YES;
				CLANG_WARN_OBJC_LITERAL_CONVERSION = YES;
				CLANG_WARN_OBJC_ROOT_CLASS = YES_ERROR;
				CLANG_WARN_RANGE_LOOP_ANALYSIS = YES;
				CLANG_WARN_STRICT_PROTOTYPES = YES;
				CLANG_WARN_SUSPICIOUS_MOVE = YES;
				CLANG_WARN_UNGUARDED_AVAILABILITY = YES_AGGRESSIVE;
				CLANG_WARN_UNREACHABLE_CODE = YES;
				CLANG_WARN__DUPLICATE_METHOD_MATCH = YES;
				COPY_PHASE_STRIP = NO;
				DEBUG_INFORMATION_FORMAT = "dwarf-with-dsym";
				ENABLE_NS_ASSERTIONS = NO;
				ENABLE_STRICT_OBJC_MSGSEND = YES;
				GCC_C_LANGUAGE_STANDARD = gnu11;
				GCC_NO_COMMON_BLOCKS = YES;
				GCC_WARN_64_TO_32_BIT_CONVERSION = YES;
				GCC_WARN_ABOUT_RETURN_TYPE = YES_ERROR;
				GCC_WARN_UNDECLARED_SELECTOR = YES;
				GCC_WARN_UNINITIALIZED_AUTOS = YES_AGGRESSIVE;
				GCC_WARN_UNUSED_FUNCTION = YES;
				GCC_WARN_UNUSED_VARIABLE = YES;
				IPHONEOS_DEPLOYMENT_TARGET = 13.2;
				MTL_ENABLE_DEBUG_INFO = NO;
				MTL_FAST_MATH = YES;
				SDKROOT = iphoneos;
				VALIDATE_PRODUCT = YES;
			};
			name = Release;
		};
		0309DE5A240876D5001CAAD0 /* Debug */ = {
			isa = XCBuildConfiguration;
			buildSettings = {
				ASSETCATALOG_COMPILER_APPICON_NAME = AppIcon;
				CODE_SIGN_STYLE = Automatic;
				INFOPLIST_FILE = CardGames/Info.plist;
				LD_RUNPATH_SEARCH_PATHS = (
					"$(inherited)",
					"@executable_path/Frameworks",
				);
				PRODUCT_BUNDLE_IDENTIFIER = period5.CardGames;
				PRODUCT_NAME = "$(TARGET_NAME)";
				TARGETED_DEVICE_FAMILY = "1,2";
			};
			name = Debug;
		};
		0309DE5B240876D5001CAAD0 /* Release */ = {
			isa = XCBuildConfiguration;
			buildSettings = {
				ASSETCATALOG_COMPILER_APPICON_NAME = AppIcon;
				CODE_SIGN_STYLE = Automatic;
				INFOPLIST_FILE = CardGames/Info.plist;
				LD_RUNPATH_SEARCH_PATHS = (
					"$(inherited)",
					"@executable_path/Frameworks",
				);
				PRODUCT_BUNDLE_IDENTIFIER = period5.CardGames;
				PRODUCT_NAME = "$(TARGET_NAME)";
				TARGETED_DEVICE_FAMILY = "1,2";
			};
			name = Release;
		};
		0309DE5D240876D5001CAAD0 /* Debug */ = {
			isa = XCBuildConfiguration;
			buildSettings = {
				BUNDLE_LOADER = "$(TEST_HOST)";
				CODE_SIGN_STYLE = Automatic;
				INFOPLIST_FILE = CardGamesTests/Info.plist;
				IPHONEOS_DEPLOYMENT_TARGET = 13.2;
				LD_RUNPATH_SEARCH_PATHS = (
					"$(inherited)",
					"@executable_path/Frameworks",
					"@loader_path/Frameworks",
				);
				PRODUCT_BUNDLE_IDENTIFIER = period5.CardGamesTests;
				PRODUCT_NAME = "$(TARGET_NAME)";
				TARGETED_DEVICE_FAMILY = "1,2";
				TEST_HOST = "$(BUILT_PRODUCTS_DIR)/CardGames.app/CardGames";
			};
			name = Debug;
		};
		0309DE5E240876D5001CAAD0 /* Release */ = {
			isa = XCBuildConfiguration;
			buildSettings = {
				BUNDLE_LOADER = "$(TEST_HOST)";
				CODE_SIGN_STYLE = Automatic;
				INFOPLIST_FILE = CardGamesTests/Info.plist;
				IPHONEOS_DEPLOYMENT_TARGET = 13.2;
				LD_RUNPATH_SEARCH_PATHS = (
					"$(inherited)",
					"@executable_path/Frameworks",
					"@loader_path/Frameworks",
				);
				PRODUCT_BUNDLE_IDENTIFIER = period5.CardGamesTests;
				PRODUCT_NAME = "$(TARGET_NAME)";
				TARGETED_DEVICE_FAMILY = "1,2";
				TEST_HOST = "$(BUILT_PRODUCTS_DIR)/CardGames.app/CardGames";
			};
			name = Release;
		};
		0309DE60240876D5001CAAD0 /* Debug */ = {
			isa = XCBuildConfiguration;
			buildSettings = {
				CODE_SIGN_STYLE = Automatic;
				INFOPLIST_FILE = CardGamesUITests/Info.plist;
				LD_RUNPATH_SEARCH_PATHS = (
					"$(inherited)",
					"@executable_path/Frameworks",
					"@loader_path/Frameworks",
				);
				PRODUCT_BUNDLE_IDENTIFIER = period5.CardGamesUITests;
				PRODUCT_NAME = "$(TARGET_NAME)";
				TARGETED_DEVICE_FAMILY = "1,2";
				TEST_TARGET_NAME = CardGames;
			};
			name = Debug;
		};
		0309DE61240876D5001CAAD0 /* Release */ = {
			isa = XCBuildConfiguration;
			buildSettings = {
				CODE_SIGN_STYLE = Automatic;
				INFOPLIST_FILE = CardGamesUITests/Info.plist;
				LD_RUNPATH_SEARCH_PATHS = (
					"$(inherited)",
					"@executable_path/Frameworks",
					"@loader_path/Frameworks",
				);
				PRODUCT_BUNDLE_IDENTIFIER = period5.CardGamesUITests;
				PRODUCT_NAME = "$(TARGET_NAME)";
				TARGETED_DEVICE_FAMILY = "1,2";
				TEST_TARGET_NAME = CardGames;
			};
			name = Release;
		};
/* End XCBuildConfiguration section */

/* Begin XCConfigurationList section */
		0309DE25240876D0001CAAD0 /* Build configuration list for PBXProject "CardGames" */ = {
			isa = XCConfigurationList;
			buildConfigurations = (
				0309DE57240876D5001CAAD0 /* Debug */,
				0309DE58240876D5001CAAD0 /* Release */,
			);
			defaultConfigurationIsVisible = 0;
			defaultConfigurationName = Release;
		};
		0309DE59240876D5001CAAD0 /* Build configuration list for PBXNativeTarget "CardGames" */ = {
			isa = XCConfigurationList;
			buildConfigurations = (
				0309DE5A240876D5001CAAD0 /* Debug */,
				0309DE5B240876D5001CAAD0 /* Release */,
			);
			defaultConfigurationIsVisible = 0;
			defaultConfigurationName = Release;
		};
		0309DE5C240876D5001CAAD0 /* Build configuration list for PBXNativeTarget "CardGamesTests" */ = {
			isa = XCConfigurationList;
			buildConfigurations = (
				0309DE5D240876D5001CAAD0 /* Debug */,
				0309DE5E240876D5001CAAD0 /* Release */,
			);
			defaultConfigurationIsVisible = 0;
			defaultConfigurationName = Release;
		};
		0309DE5F240876D5001CAAD0 /* Build configuration list for PBXNativeTarget "CardGamesUITests" */ = {
			isa = XCConfigurationList;
			buildConfigurations = (
				0309DE60240876D5001CAAD0 /* Debug */,
				0309DE61240876D5001CAAD0 /* Release */,
			);
			defaultConfigurationIsVisible = 0;
			defaultConfigurationName = Release;
		};
/* End XCConfigurationList section */
	};
	rootObject = 0309DE22240876D0001CAAD0 /* Project object */;
}
